{
  "name": "nfd-api",
  "version": "0.0.1",
  "dependencies": {
    "express": {
      "version": "3.4.7",
      "from": "express@*",
      "dependencies": {
        "connect": {
          "version": "2.12.0",
          "from": "connect@2.12.0",
          "resolved": "https://registry.npmjs.org/connect/-/connect-2.12.0.tgz",
          "dependencies": {
            "batch": {
              "version": "0.5.0",
              "from": "batch@0.5.0",
              "resolved": "https://registry.npmjs.org/batch/-/batch-0.5.0.tgz"
            },
            "qs": {
              "version": "0.6.6",
              "from": "qs@~0.6.0",
              "resolved": "https://registry.npmjs.org/qs/-/qs-0.6.6.tgz"
            },
            "bytes": {
              "version": "0.2.1",
              "from": "bytes@0.2.1",
              "resolved": "https://registry.npmjs.org/bytes/-/bytes-0.2.1.tgz"
            },
            "pause": {
              "version": "0.0.1",
              "from": "pause@0.0.1",
              "resolved": "https://registry.npmjs.org/pause/-/pause-0.0.1.tgz"
            },
            "uid2": {
              "version": "0.0.3",
              "from": "uid2@0.0.3",
              "resolved": "https://registry.npmjs.org/uid2/-/uid2-0.0.3.tgz"
            },
            "raw-body": {
              "version": "1.1.2",
              "from": "raw-body@1.1.2",
              "resolved": "https://registry.npmjs.org/raw-body/-/raw-body-1.1.2.tgz"
            },
            "negotiator": {
              "version": "0.3.0",
              "from": "negotiator@0.3.0",
              "resolved": "https://registry.npmjs.org/negotiator/-/negotiator-0.3.0.tgz"
            },
            "multiparty": {
              "version": "2.2.0",
              "from": "multiparty@2.2.0",
              "resolved": "https://registry.npmjs.org/multiparty/-/multiparty-2.2.0.tgz",
              "dependencies": {
                "readable-stream": {
                  "version": "1.1.9",
                  "from": "readable-stream@~1.1.9",
                  "dependencies": {
                    "core-util-is": {
                      "version": "1.0.0",
                      "from": "core-util-is@~1.0.0"
                    },
                    "debuglog": {
                      "version": "0.0.2",
                      "from": "debuglog@0.0.2",
                      "resolved": "https://registry.npmjs.org/debuglog/-/debuglog-0.0.2.tgz"
                    }
                  }
                },
                "stream-counter": {
                  "version": "0.2.0",
                  "from": "stream-counter@~0.2.0"
                }
              }
            }
          }
        },
        "commander": {
          "version": "1.3.2",
          "from": "commander@1.3.2",
          "resolved": "https://registry.npmjs.org/commander/-/commander-1.3.2.tgz",
          "dependencies": {
            "keypress": {
              "version": "0.1.0",
              "from": "keypress@0.1.x"
            }
          }
        },
        "range-parser": {
          "version": "0.0.4",
          "from": "range-parser@0.0.4",
          "resolved": "https://registry.npmjs.org/range-parser/-/range-parser-0.0.4.tgz"
        },
        "mkdirp": {
          "version": "0.3.5",
          "from": "mkdirp@0.3.5",
          "resolved": "https://registry.npmjs.org/mkdirp/-/mkdirp-0.3.5.tgz"
        },
        "cookie": {
          "version": "0.1.0",
          "from": "cookie@0.1.0",
          "resolved": "https://registry.npmjs.org/cookie/-/cookie-0.1.0.tgz"
        },
        "buffer-crc32": {
          "version": "0.2.1",
          "from": "buffer-crc32@0.2.1",
          "resolved": "https://registry.npmjs.org/buffer-crc32/-/buffer-crc32-0.2.1.tgz"
        },
        "fresh": {
          "version": "0.2.0",
          "from": "fresh@0.2.0",
          "resolved": "https://registry.npmjs.org/fresh/-/fresh-0.2.0.tgz"
        },
        "methods": {
          "version": "0.1.0",
          "from": "methods@0.1.0",
          "resolved": "https://registry.npmjs.org/methods/-/methods-0.1.0.tgz"
        },
        "send": {
          "version": "0.1.4",
          "from": "send@0.1.4",
          "resolved": "https://registry.npmjs.org/send/-/send-0.1.4.tgz",
          "dependencies": {
            "mime": {
              "version": "1.2.11",
              "from": "mime@~1.2.9",
              "resolved": "https://registry.npmjs.org/mime/-/mime-1.2.11.tgz"
            }
          }
        },
        "cookie-signature": {
          "version": "1.0.1",
          "from": "cookie-signature@1.0.1",
          "resolved": "https://registry.npmjs.org/cookie-signature/-/cookie-signature-1.0.1.tgz"
        },
        "merge-descriptors": {
          "version": "0.0.1",
          "from": "merge-descriptors@0.0.1",
          "resolved": "https://registry.npmjs.org/merge-descriptors/-/merge-descriptors-0.0.1.tgz"
        },
        "debug": {
          "version": "0.7.4",
          "from": "debug@*"
        }
      }
    },
    "coffee-script": {
      "version": "1.6.3",
      "from": "coffee-script@*"
    },
    "underscore": {
      "version": "1.5.2",
      "from": "underscore@*"
    },
    "underscore.string": {
      "version": "2.3.3",
      "from": "underscore.string@*"
    },
    "mongodb": {
      "version": "1.3.23",
      "from": "mongodb@*",
      "dependencies": {
        "bson": {
          "version": "0.2.5",
          "from": "bson@0.2.5",
          "resolved": "https://registry.npmjs.org/bson/-/bson-0.2.5.tgz"
        },
        "kerberos": {
          "version": "0.0.3",
          "from": "kerberos@0.0.3",
          "resolved": "https://registry.npmjs.org/kerberos/-/kerberos-0.0.3.tgz"
        }
      }
    },
    "validator": {
      "version": "2.0.0",
      "from": "validator@*"
    },
    "cors": {
      "version": "2.1.1",
      "from": "cors@*"
    },
    "googlemaps": {
      "version": "0.1.9",
      "from": "googlemaps@*",
      "dependencies": {
        "request": {
          "version": "2.2.9",
          "from": "request@~2.2.9"
        },
        "waitress": {
          "version": "0.1.5",
          "from": "waitress@>=0.0.2"
        }
      }
    },
    "jquery": {
      "version": "2.1.0-beta3",
      "from": "jquery@*"
    },
    "zombie": {
      "version": "2.0.0-alpha9",
      "from": "zombie@2.0.0-alpha9",
      "resolved": "https://registry.npmjs.org/zombie/-/zombie-2.0.0-alpha9.tgz",
      "dependencies": {
        "contextify": {
          "version": "0.1.6",
          "from": "contextify@~0.1.3",
          "dependencies": {
            "bindings": {
              "version": "1.1.1",
              "from": "bindings@*"
            }
          }
        },
        "eventsource": {
          "version": "0.0.10",
          "from": "eventsource@~0.0.5",
          "resolved": "https://registry.npmjs.org/eventsource/-/eventsource-0.0.10.tgz"
        },
        "html5": {
          "version": "0.3.15",
          "from": "html5@~0.3.8",
          "dependencies": {
            "opts": {
              "version": "1.2.2",
              "from": "opts@~1.2.1"
            },
            "html5-entities": {
              "version": "0.5.0",
              "from": "html5-entities@~0.5.0"
            },
            "jsdom": {
              "version": "0.8.10",
              "from": "jsdom@>= 0.8.0",
              "dependencies": {
                "htmlparser2": {
                  "version": "3.4.0",
                  "from": "htmlparser2@>= 3.1.5 <4",
                  "dependencies": {
                    "domhandler": {
                      "version": "2.2.0",
                      "from": "domhandler@2.2"
                    },
                    "domutils": {
                      "version": "1.3.0",
                      "from": "domutils@1.3"
                    },
                    "domelementtype": {
                      "version": "1.1.1",
                      "from": "domelementtype@1"
                    },
                    "readable-stream": {
                      "version": "1.1.9",
                      "from": "readable-stream@1.1",
                      "dependencies": {
                        "core-util-is": {
                          "version": "1.0.0",
                          "from": "core-util-is@~1.0.0"
                        },
                        "debuglog": {
                          "version": "0.0.2",
                          "from": "debuglog@0.0.2"
                        }
                      }
                    }
                  }
                },
                "nwmatcher": {
                  "version": "1.3.1",
                  "from": "nwmatcher@~1.3.1"
                },
                "xmlhttprequest": {
                  "version": "1.6.0",
                  "from": "xmlhttprequest@>=1.5.0"
                },
                "cssom": {
                  "version": "0.3.0",
                  "from": "cssom@~0.3.0"
                },
                "cssstyle": {
                  "version": "0.2.9",
                  "from": "cssstyle@~0.2.6"
                }
              }
            }
          }
        },
        "jsdom": {
          "version": "0.2.19",
          "from": "jsdom@~0.2.19",
          "dependencies": {
            "htmlparser": {
              "version": "1.7.7",
              "from": "htmlparser@1.x",
              "resolved": "https://registry.npmjs.org/htmlparser/-/htmlparser-1.7.7.tgz"
            },
            "cssom": {
              "version": "0.2.5",
              "from": "cssom@0.2.x"
            },
            "cssstyle": {
              "version": "0.2.9",
              "from": "cssstyle@>=0.2.3",
              "dependencies": {
                "cssom": {
                  "version": "0.3.0",
                  "from": "cssom@0.3.x"
                }
              }
            }
          }
        },
        "mime": {
          "version": "1.2.11",
          "from": "mime@~1.2.7"
        },
        "ms": {
          "version": "0.5.1",
          "from": "ms@~0.5.0",
          "resolved": "https://registry.npmjs.org/ms/-/ms-0.5.1.tgz"
        },
        "q": {
          "version": "0.8.12",
          "from": "q@~0.8.10"
        },
        "request": {
          "version": "2.12.0",
          "from": "request@~2.12.0",
          "dependencies": {
            "form-data": {
              "version": "0.0.3",
              "from": "form-data",
              "dependencies": {
                "combined-stream": {
                  "version": "0.0.3",
                  "from": "combined-stream@0.0.3",
                  "dependencies": {
                    "delayed-stream": {
                      "version": "0.0.5",
                      "from": "delayed-stream@0.0.5"
                    }
                  }
                },
                "async": {
                  "version": "0.1.9",
                  "from": "async@0.1.9"
                }
              }
            },
            "mime": {
              "version": "1.2.7",
              "from": "mime"
            }
          }
        },
        "tough-cookie": {
          "version": "0.9.15",
          "from": "tough-cookie@~0.9.14",
          "dependencies": {
            "punycode": {
              "version": "1.2.3",
              "from": "punycode@>=0.2.0"
            }
          }
        },
        "ws": {
          "version": "0.4.31",
          "from": "ws@~0.4.22",
          "dependencies": {
            "commander": {
              "version": "0.6.1",
              "from": "commander@~0.6.1"
            },
            "nan": {
              "version": "0.3.2",
              "from": "nan@~0.3.0"
            },
            "tinycolor": {
              "version": "0.0.1",
              "from": "tinycolor@0.x"
            },
            "options": {
              "version": "0.0.5",
              "from": "options@>=0.0.5"
            }
          }
        }
      }
    },
    "accounting": {
      "version": "0.3.2",
      "from": "accounting@*"
    },
    "async": {
      "version": "0.2.9",
      "from": "async@*"
    },
    "newrelic": {
      "version": "1.2.0",
      "from": "newrelic@*",
      "dependencies": {
        "bunyan": {
          "version": "0.14.6",
          "from": "bunyan@0.14.6",
          "resolved": "https://registry.npmjs.org/bunyan/-/bunyan-0.14.6.tgz"
        },
        "continuation-local-storage": {
          "version": "2.6.2",
          "from": "continuation-local-storage@2.6.2",
          "resolved": "https://registry.npmjs.org/continuation-local-storage/-/continuation-local-storage-2.6.2.tgz",
          "dependencies": {
            "emitter-listener": {
              "version": "1.0.1",
              "from": "emitter-listener@1.0.1",
              "resolved": "https://registry.npmjs.org/emitter-listener/-/emitter-listener-1.0.1.tgz",
              "dependencies": {
                "shimmer": {
                  "version": "1.0.0",
                  "from": "shimmer@1.0.0",
                  "resolved": "https://registry.npmjs.org/shimmer/-/shimmer-1.0.0.tgz"
                }
              }
            },
            "async-listener": {
              "version": "0.4.5",
              "from": "async-listener@0.4.5",
              "resolved": "https://registry.npmjs.org/async-listener/-/async-listener-0.4.5.tgz",
              "dependencies": {
                "shimmer": {
                  "version": "1.0.0",
                  "from": "shimmer@1.0.0",
                  "resolved": "https://registry.npmjs.org/shimmer/-/shimmer-1.0.0.tgz"
                }
              }
            }
          }
        }
      }
    },
    "request": {
      "version": "2.30.0",
      "from": "request@*",
      "dependencies": {
        "qs": {
          "version": "0.6.6",
          "from": "qs@~0.6.0"
        },
        "json-stringify-safe": {
          "version": "5.0.0",
          "from": "json-stringify-safe@~5.0.0"
        },
        "forever-agent": {
          "version": "0.5.0",
          "from": "forever-agent@~0.5.0"
        },
        "node-uuid": {
          "version": "1.4.1",
          "from": "node-uuid@~1.4.0"
        },
        "mime": {
          "version": "1.2.11",
          "from": "mime@~1.2.9",
          "resolved": "https://registry.npmjs.org/mime/-/mime-1.2.11.tgz"
        },
        "tough-cookie": {
          "version": "0.9.15",
          "from": "tough-cookie@~0.9.15",
          "resolved": "https://registry.npmjs.org/tough-cookie/-/tough-cookie-0.9.15.tgz",
          "dependencies": {
            "punycode": {
              "version": "1.2.3",
              "from": "punycode@>=0.2.0"
            }
          }
        },
        "form-data": {
          "version": "0.1.2",
          "from": "form-data@~0.1.0",
          "dependencies": {
            "combined-stream": {
              "version": "0.0.4",
              "from": "combined-stream@~0.0.4",
              "dependencies": {
                "delayed-stream": {
                  "version": "0.0.5",
                  "from": "delayed-stream@0.0.5",
                  "resolved": "https://registry.npmjs.org/delayed-stream/-/delayed-stream-0.0.5.tgz"
                }
              }
            }
          }
        },
        "tunnel-agent": {
          "version": "0.3.0",
          "from": "tunnel-agent@~0.3.0"
        },
        "http-signature": {
          "version": "0.10.0",
          "from": "http-signature@~0.10.0",
          "dependencies": {
            "assert-plus": {
              "version": "0.1.2",
              "from": "assert-plus@0.1.2",
              "resolved": "https://registry.npmjs.org/assert-plus/-/assert-plus-0.1.2.tgz"
            },
            "asn1": {
              "version": "0.1.11",
              "from": "asn1@0.1.11",
              "resolved": "https://registry.npmjs.org/asn1/-/asn1-0.1.11.tgz"
            },
            "ctype": {
              "version": "0.5.2",
              "from": "ctype@0.5.2",
              "resolved": "https://registry.npmjs.org/ctype/-/ctype-0.5.2.tgz"
            }
          }
        },
        "oauth-sign": {
          "version": "0.3.0",
          "from": "oauth-sign@~0.3.0"
        },
        "hawk": {
          "version": "1.0.0",
          "from": "hawk@~1.0.0",
          "dependencies": {
            "hoek": {
              "version": "0.9.1",
              "from": "hoek@0.9.x"
            },
            "boom": {
              "version": "0.4.2",
              "from": "boom@0.4.x"
            },
            "cryptiles": {
              "version": "0.2.2",
              "from": "cryptiles@0.2.x"
            },
            "sntp": {
              "version": "0.2.4",
              "from": "sntp@0.2.x"
            }
          }
        },
        "aws-sign2": {
          "version": "0.5.0",
          "from": "aws-sign2@~0.5.0"
        }
      }
    },
    "cheerio": {
      "version": "0.13.0",
      "from": "cheerio@*",
      "dependencies": {
        "htmlparser2": {
          "version": "3.4.0",
          "from": "htmlparser2@~3.4.0",
          "dependencies": {
            "domhandler": {
              "version": "2.2.0",
              "from": "domhandler@2.2"
            },
            "domutils": {
              "version": "1.3.0",
              "from": "domutils@1.3"
            },
            "domelementtype": {
              "version": "1.1.1",
              "from": "domelementtype@1"
            },
            "readable-stream": {
              "version": "1.1.9",
              "from": "readable-stream@1.1",
              "dependencies": {
                "core-util-is": {
                  "version": "1.0.0",
                  "from": "core-util-is@~1.0.0"
                },
                "debuglog": {
                  "version": "0.0.2",
                  "from": "debuglog@0.0.2",
                  "resolved": "https://registry.npmjs.org/debuglog/-/debuglog-0.0.2.tgz"
                }
              }
            }
          }
        },
        "underscore": {
          "version": "1.4.4",
          "from": "underscore@~1.4"
        },
        "entities": {
          "version": "0.3.0",
          "from": "entities@0.x"
        },
        "CSSselect": {
          "version": "0.4.0",
          "from": "CSSselect@~0.4.0",
          "dependencies": {
            "CSSwhat": {
              "version": "0.4.1",
              "from": "CSSwhat@0.4"
            },
            "domutils": {
              "version": "1.3.0",
              "from": "domutils@1.3",
              "dependencies": {
                "domelementtype": {
                  "version": "1.1.1",
                  "from": "domelementtype@1"
                }
              }
            }
          }
        }
      }
    },
    "jsdom": {
      "version": "0.8.10",
      "from": "jsdom@*",
      "dependencies": {
        "htmlparser2": {
          "version": "3.4.0",
          "from": "htmlparser2@~3.4.0",
          "dependencies": {
            "domhandler": {
              "version": "2.2.0",
              "from": "domhandler@2.2"
            },
            "domutils": {
              "version": "1.3.0",
              "from": "domutils@1.3"
            },
            "domelementtype": {
              "version": "1.1.1",
              "from": "domelementtype@1"
            },
            "readable-stream": {
              "version": "1.1.9",
              "from": "readable-stream@1.1",
              "dependencies": {
                "core-util-is": {
                  "version": "1.0.0",
                  "from": "core-util-is@~1.0.0"
                },
                "debuglog": {
                  "version": "0.0.2",
                  "from": "debuglog@0.0.2",
                  "resolved": "https://registry.npmjs.org/debuglog/-/debuglog-0.0.2.tgz"
                }
              }
            }
          }
        },
        "nwmatcher": {
          "version": "1.3.1",
          "from": "nwmatcher@~1.3.1"
        },
        "xmlhttprequest": {
          "version": "1.6.0",
          "from": "xmlhttprequest@>=1.5.0"
        },
        "cssom": {
          "version": "0.3.0",
          "from": "cssom@~0.3.0"
        },
        "cssstyle": {
          "version": "0.2.9",
          "from": "cssstyle@~0.2.6"
        },
        "contextify": {
          "version": "0.1.6",
          "from": "contextify@~0.1.5",
          "dependencies": {
            "bindings": {
              "version": "1.1.1",
              "from": "bindings@*"
            }
          }
        }
      }
    },
    "mixpanel": {
      "version": "0.0.18",
      "from": "mixpanel@",
      "resolved": "https://registry.npmjs.org/mixpanel/-/mixpanel-0.0.18.tgz"
    }
  }
}
